
Microsoft Visual Studio Solution File, Format Version 12.00
# Visual Studio Version 17
VisualStudioVersion = 17.5.33414.496
MinimumVisualStudioVersion = 10.0.40219.1
Project("{54A90642-561A-4BB1-A94E-469ADEE60C69}") = "vueapp", "vueapp\vueapp.esproj", "{29B47829-D572-44EC-A4B7-3F9FDD52A927}"
EndProject
Project("{9A19103F-16F7-4668-BE54-9A1E7A4F7556}") = "webapi", "webapi\webapi.csproj", "{D51CC50A-C00A-40EC-BD4E-28FDF7DAC640}"
EndProject
Global
	GlobalSection(SolutionConfigurationPlatforms) = preSolution
		Debug|Any CPU = Debug|Any CPU
		Release|Any CPU = Release|Any CPU
	EndGlobalSection
	GlobalSection(ProjectConfigurationPlatforms) = postSolution
		{29B47829-D572-44EC-A4B7-3F9FDD52A927}.Debug|Any CPU.ActiveCfg = Debug|Any CPU
		{29B47829-D572-44EC-A4B7-3F9FDD52A927}.Debug|Any CPU.Build.0 = Debug|Any CPU
		{29B47829-D572-44EC-A4B7-3F9FDD52A927}.Debug|Any CPU.Deploy.0 = Debug|Any CPU
		{29B47829-D572-44EC-A4B7-3F9FDD52A927}.Release|Any CPU.ActiveCfg = Release|Any CPU
		{29B47829-D572-44EC-A4B7-3F9FDD52A927}.Release|Any CPU.Build.0 = Release|Any CPU
		{29B47829-D572-44EC-A4B7-3F9FDD52A927}.Release|Any CPU.Deploy.0 = Release|Any CPU
		{D51CC50A-C00A-40EC-BD4E-28FDF7DAC640}.Debug|Any CPU.ActiveCfg = Debug|Any CPU
		{D51CC50A-C00A-40EC-BD4E-28FDF7DAC640}.Debug|Any CPU.Build.0 = Debug|Any CPU
		{D51CC50A-C00A-40EC-BD4E-28FDF7DAC640}.Release|Any CPU.ActiveCfg = Release|Any CPU
		{D51CC50A-C00A-40EC-BD4E-28FDF7DAC640}.Release|Any CPU.Build.0 = Release|Any CPU
	EndGlobalSection
	GlobalSection(SolutionProperties) = preSolution
		HideSolutionNode = FALSE
	EndGlobalSection
	GlobalSection(ExtensibilityGlobals) = postSolution
		SolutionGuid = {A19DF2FF-A592-4ED6-AB41-56D0EA54B25B}
	EndGlobalSection
EndGlobal
